
Microsoft Visual Studio Solution File, Format Version 12.00
# Visual Studio Version 17
VisualStudioVersion = 17.11.35303.130
MinimumVisualStudioVersion = 10.0.40219.1
Project("{FAE04EC0-301F-11D3-BF4B-00C04F79EFBC}") = "OPPpz6", "OPPpz6.csproj", "{0FBE4C78-543C-4B26-810B-6F098F038F07}"
EndProject
Global
	GlobalSection(SolutionConfigurationPlatforms) = preSolution
		Debug|Any CPU = Debug|Any CPU
		Release|Any CPU = Release|Any CPU
	EndGlobalSection
	GlobalSection(ProjectConfigurationPlatforms) = postSolution
		{0FBE4C78-543C-4B26-810B-6F098F038F07}.Debug|Any CPU.ActiveCfg = Debug|Any CPU
		{0FBE4C78-543C-4B26-810B-6F098F038F07}.Debug|Any CPU.Build.0 = Debug|Any CPU
		{0FBE4C78-543C-4B26-810B-6F098F038F07}.Release|Any CPU.ActiveCfg = Release|Any CPU
		{0FBE4C78-543C-4B26-810B-6F098F038F07}.Release|Any CPU.Build.0 = Release|Any CPU
	EndGlobalSection
	GlobalSection(SolutionProperties) = preSolution
		HideSolutionNode = FALSE
	EndGlobalSection
	GlobalSection(ExtensibilityGlobals) = postSolution
		SolutionGuid = {BC907636-511E-4CDA-BF04-E1E6F336FAAB}
	EndGlobalSection
EndGlobal
